
Microsoft Visual Studio Solution File, Format Version 12.00
# Visual Studio Version 16
VisualStudioVersion = 16.0.31129.286
MinimumVisualStudioVersion = 10.0.40219.1
Project("{FAE04EC0-301F-11D3-BF4B-00C04F79EFBC}") = "EFDataApp", "EFDataApp\EFDataApp.csproj", "{74B34719-B7AF-424E-AC44-A02049750897}"
EndProject
Global
	GlobalSection(SolutionConfigurationPlatforms) = preSolution
		Debug|Any CPU = Debug|Any CPU
		Release|Any CPU = Release|Any CPU
	EndGlobalSection
	GlobalSection(ProjectConfigurationPlatforms) = postSolution
		{74B34719-B7AF-424E-AC44-A02049750897}.Debug|Any CPU.ActiveCfg = Debug|Any CPU
		{74B34719-B7AF-424E-AC44-A02049750897}.Debug|Any CPU.Build.0 = Debug|Any CPU
		{74B34719-B7AF-424E-AC44-A02049750897}.Release|Any CPU.ActiveCfg = Release|Any CPU
		{74B34719-B7AF-424E-AC44-A02049750897}.Release|Any CPU.Build.0 = Release|Any CPU
	EndGlobalSection
	GlobalSection(SolutionProperties) = preSolution
		HideSolutionNode = FALSE
	EndGlobalSection
	GlobalSection(ExtensibilityGlobals) = postSolution
		SolutionGuid = {8431D2E6-96C1-4C89-BDB6-A0049EBB5BF1}
	EndGlobalSection
EndGlobal
